// !$*UTF8*$!
{
	archiveVersion = 1;
	classes = {
	};
	objectVersion = 50;
	objects = {

/* Begin PBXBuildFile section */
		E33C4D16268F603D00E725E8 /* AppDelegate.swift in Sources */ = {isa = PBXBuildFile; fileRef = E33C4D15268F603D00E725E8 /* AppDelegate.swift */; };
		E33C4D18268F603D00E725E8 /* SceneDelegate.swift in Sources */ = {isa = PBXBuildFile; fileRef = E33C4D17268F603D00E725E8 /* SceneDelegate.swift */; };
		E33C4D1A268F603D00E725E8 /* DataViewController.swift in Sources */ = {isa = PBXBuildFile; fileRef = E33C4D19268F603D00E725E8 /* DataViewController.swift */; };
		E33C4D1D268F603D00E725E8 /* Main.storyboard in Resources */ = {isa = PBXBuildFile; fileRef = E33C4D1B268F603D00E725E8 /* Main.storyboard */; };
		E33C4D20268F603D00E725E8 /* shadman_rabbi_final_project_390.xcdatamodeld in Sources */ = {isa = PBXBuildFile; fileRef = E33C4D1E268F603D00E725E8 /* shadman_rabbi_final_project_390.xcdatamodeld */; };
		E33C4D22268F603E00E725E8 /* Assets.xcassets in Resources */ = {isa = PBXBuildFile; fileRef = E33C4D21268F603E00E725E8 /* Assets.xcassets */; };
		E33C4D25268F603E00E725E8 /* LaunchScreen.storyboard in Resources */ = {isa = PBXBuildFile; fileRef = E33C4D23268F603E00E725E8 /* LaunchScreen.storyboard */; };
		E33C4D32268F760200E725E8 /* BarcodeViewController.swift in Sources */ = {isa = PBXBuildFile; fileRef = E33C4D31268F760200E725E8 /* BarcodeViewController.swift */; };
		E33C4D34269020A600E725E8 /* SettingViewController.swift in Sources */ = {isa = PBXBuildFile; fileRef = E33C4D33269020A600E725E8 /* SettingViewController.swift */; };
		E3ED8D6126902AE6002DE592 /* InputViewController.swift in Sources */ = {isa = PBXBuildFile; fileRef = E3ED8D6026902AE6002DE592 /* InputViewController.swift */; };
		E3ED8D642691187D002DE592 /* cell.swift in Sources */ = {isa = PBXBuildFile; fileRef = E3ED8D622691187D002DE592 /* cell.swift */; };
		E3ED8D652691187D002DE592 /* cell.xib in Resources */ = {isa = PBXBuildFile; fileRef = E3ED8D632691187D002DE592 /* cell.xib */; };
		E3ED8D6826921B60002DE592 /* Assets+CoreDataClass.swift in Sources */ = {isa = PBXBuildFile; fileRef = E3ED8D6626921B60002DE592 /* Assets+CoreDataClass.swift */; };
		E3ED8D6926921B60002DE592 /* Assets+CoreDataProperties.swift in Sources */ = {isa = PBXBuildFile; fileRef = E3ED8D6726921B60002DE592 /* Assets+CoreDataProperties.swift */; };
		E3ED8D6D2692371F002DE592 /* iosappicon.png in Resources */ = {isa = PBXBuildFile; fileRef = E3ED8D6C2692371F002DE592 /* iosappicon.png */; };
/* End PBXBuildFile section */

/* Begin PBXFileReference section */
		E33C4D12268F603D00E725E8 /* shadman_rabbi_final_project_390.app */ = {isa = PBXFileReference; explicitFileType = wrapper.application; includeInIndex = 0; path = shadman_rabbi_final_project_390.app; sourceTree = BUILT_PRODUCTS_DIR; };
		E33C4D15268F603D00E725E8 /* AppDelegate.swift */ = {isa = PBXFileReference; lastKnownFileType = sourcecode.swift; path = AppDelegate.swift; sourceTree = "<group>"; };
		E33C4D17268F603D00E725E8 /* SceneDelegate.swift */ = {isa = PBXFileReference; lastKnownFileType = sourcecode.swift; path = SceneDelegate.swift; sourceTree = "<group>"; };
		E33C4D19268F603D00E725E8 /* DataViewController.swift */ = {isa = PBXFileReference; lastKnownFileType = sourcecode.swift; path = DataViewController.swift; sourceTree = "<group>"; };
		E33C4D1C268F603D00E725E8 /* Base */ = {isa = PBXFileReference; lastKnownFileType = file.storyboard; name = Base; path = Base.lproj/Main.storyboard; sourceTree = "<group>"; };
		E33C4D1F268F603D00E725E8 /* shadman_rabbi_final_project_390.xcdatamodel */ = {isa = PBXFileReference; lastKnownFileType = wrapper.xcdatamodel; path = shadman_rabbi_final_project_390.xcdatamodel; sourceTree = "<group>"; };
		E33C4D21268F603E00E725E8 /* Assets.xcassets */ = {isa = PBXFileReference; lastKnownFileType = folder.assetcatalog; path = Assets.xcassets; sourceTree = "<group>"; };
		E33C4D24268F603E00E725E8 /* Base */ = {isa = PBXFileReference; lastKnownFileType = file.storyboard; name = Base; path = Base.lproj/LaunchScreen.storyboard; sourceTree = "<group>"; };
		E33C4D26268F603E00E725E8 /* Info.plist */ = {isa = PBXFileReference; lastKnownFileType = text.plist.xml; path = Info.plist; sourceTree = "<group>"; };
		E33C4D31268F760200E725E8 /* BarcodeViewController.swift */ = {isa = PBXFileReference; lastKnownFileType = sourcecode.swift; path = BarcodeViewController.swift; sourceTree = "<group>"; };
		E33C4D33269020A600E725E8 /* SettingViewController.swift */ = {isa = PBXFileReference; lastKnownFileType = sourcecode.swift; path = SettingViewController.swift; sourceTree = "<group>"; };
		E3ED8D6026902AE6002DE592 /* InputViewController.swift */ = {isa = PBXFileReference; lastKnownFileType = sourcecode.swift; path = InputViewController.swift; sourceTree = "<group>"; };
		E3ED8D622691187D002DE592 /* cell.swift */ = {isa = PBXFileReference; lastKnownFileType = sourcecode.swift; path = cell.swift; sourceTree = "<group>"; };
		E3ED8D632691187D002DE592 /* cell.xib */ = {isa = PBXFileReference; lastKnownFileType = file.xib; path = cell.xib; sourceTree = "<group>"; };
		E3ED8D6626921B60002DE592 /* Assets+CoreDataClass.swift */ = {isa = PBXFileReference; lastKnownFileType = sourcecode.swift; path = "Assets+CoreDataClass.swift"; sourceTree = "<group>"; };
		E3ED8D6726921B60002DE592 /* Assets+CoreDataProperties.swift */ = {isa = PBXFileReference; lastKnownFileType = sourcecode.swift; path = "Assets+CoreDataProperties.swift"; sourceTree = "<group>"; };
		E3ED8D6C2692371F002DE592 /* iosappicon.png */ = {isa = PBXFileReference; lastKnownFileType = image.png; name = iosappicon.png; path = Assets.xcassets/iosappicon.png; sourceTree = "<group>"; };
/* End PBXFileReference section */

/* Begin PBXFrameworksBuildPhase section */
		E33C4D0F268F603D00E725E8 /* Frameworks */ = {
			isa = PBXFrameworksBuildPhase;
			buildActionMask = 2147483647;
			files = (
			);
			runOnlyForDeploymentPostprocessing = 0;
		};
/* End PBXFrameworksBuildPhase section */

/* Begin PBXGroup section */
		E33C4D09268F603D00E725E8 = {
			isa = PBXGroup;
			children = (
				E3ED8D6626921B60002DE592 /* Assets+CoreDataClass.swift */,
				E3ED8D6726921B60002DE592 /* Assets+CoreDataProperties.swift */,
				E33C4D14268F603D00E725E8 /* shadman_rabbi_final_project_390 */,
				E33C4D13268F603D00E725E8 /* Products */,
			);
			sourceTree = "<group>";
		};
		E33C4D13268F603D00E725E8 /* Products */ = {
			isa = PBXGroup;
			children = (
				E33C4D12268F603D00E725E8 /* shadman_rabbi_final_project_390.app */,
			);
			name = Products;
			sourceTree = "<group>";
		};
		E33C4D14268F603D00E725E8 /* shadman_rabbi_final_project_390 */ = {
			isa = PBXGroup;
			children = (
				E33C4D30268F65BD00E725E8 /* Assets */,
				E33C4D15268F603D00E725E8 /* AppDelegate.swift */,
				E33C4D17268F603D00E725E8 /* SceneDelegate.swift */,
				E33C4D19268F603D00E725E8 /* DataViewController.swift */,
				E33C4D31268F760200E725E8 /* BarcodeViewController.swift */,
				E3ED8D6026902AE6002DE592 /* InputViewController.swift */,
				E33C4D33269020A600E725E8 /* SettingViewController.swift */,
				E33C4D1B268F603D00E725E8 /* Main.storyboard */,
				E33C4D21268F603E00E725E8 /* Assets.xcassets */,
				E33C4D23268F603E00E725E8 /* LaunchScreen.storyboard */,
				E33C4D26268F603E00E725E8 /* Info.plist */,
				E3ED8D6C2692371F002DE592 /* iosappicon.png */,
				E33C4D1E268F603D00E725E8 /* shadman_rabbi_final_project_390.xcdatamodeld */,
				E3ED8D622691187D002DE592 /* cell.swift */,
				E3ED8D632691187D002DE592 /* cell.xib */,
			);
			path = shadman_rabbi_final_project_390;
			sourceTree = "<group>";
		};
		E33C4D30268F65BD00E725E8 /* Assets */ = {
			isa = PBXGroup;
			children = (
			);
			path = Assets;
			sourceTree = "<group>";
		};
/* End PBXGroup section */

/* Begin PBXNativeTarget section */
		E33C4D11268F603D00E725E8 /* shadman_rabbi_final_project_390 */ = {
			isa = PBXNativeTarget;
			buildConfigurationList = E33C4D29268F603E00E725E8 /* Build configuration list for PBXNativeTarget "shadman_rabbi_final_project_390" */;
			buildPhases = (
				E33C4D0E268F603D00E725E8 /* Sources */,
				E33C4D0F268F603D00E725E8 /* Frameworks */,
				E33C4D10268F603D00E725E8 /* Resources */,
			);
			buildRules = (
			);
			dependencies = (
			);
			name = shadman_rabbi_final_project_390;
			productName = shadman_rabbi_final_project_390;
			productReference = E33C4D12268F603D00E725E8 /* shadman_rabbi_final_project_390.app */;
			productType = "com.apple.product-type.application";
		};
/* End PBXNativeTarget section */

/* Begin PBXProject section */
		E33C4D0A268F603D00E725E8 /* Project object */ = {
			isa = PBXProject;
			attributes = {
				LastSwiftUpdateCheck = 1250;
				LastUpgradeCheck = 1250;
				TargetAttributes = {
					E33C4D11268F603D00E725E8 = {
						CreatedOnToolsVersion = 12.5.1;
					};
				};
			};
			buildConfigurationList = E33C4D0D268F603D00E725E8 /* Build configuration list for PBXProject "shadman_rabbi_final_project_390" */;
			compatibilityVersion = "Xcode 9.3";
			developmentRegion = en;
			hasScannedForEncodings = 0;
			knownRegions = (
				en,
				Base,
			);
			mainGroup = E33C4D09268F603D00E725E8;
			productRefGroup = E33C4D13268F603D00E725E8 /* Products */;
			projectDirPath = "";
			projectRoot = "";
			targets = (
				E33C4D11268F603D00E725E8 /* shadman_rabbi_final_project_390 */,
			);
		};
/* End PBXProject section */

/* Begin PBXResourcesBuildPhase section */
		E33C4D10268F603D00E725E8 /* Resources */ = {
			isa = PBXResourcesBuildPhase;
			buildActionMask = 2147483647;
			files = (
				E3ED8D6D2692371F002DE592 /* iosappicon.png in Resources */,
				E33C4D25268F603E00E725E8 /* LaunchScreen.storyboard in Resources */,
				E3ED8D652691187D002DE592 /* cell.xib in Resources */,
				E33C4D22268F603E00E725E8 /* Assets.xcassets in Resources */,
				E33C4D1D268F603D00E725E8 /* Main.storyboard in Resources */,
			);
			runOnlyForDeploymentPostprocessing = 0;
		};
/* End PBXResourcesBuildPhase section */

/* Begin PBXSourcesBuildPhase section */
		E33C4D0E268F603D00E725E8 /* Sources */ = {
			isa = PBXSourcesBuildPhase;
			buildActionMask = 2147483647;
			files = (
				E3ED8D6126902AE6002DE592 /* InputViewController.swift in Sources */,
				E33C4D1A268F603D00E725E8 /* DataViewController.swift in Sources */,
				E3ED8D6826921B60002DE592 /* Assets+CoreDataClass.swift in Sources */,
				E33C4D20268F603D00E725E8 /* shadman_rabbi_final_project_390.xcdatamodeld in Sources */,
				E3ED8D642691187D002DE592 /* cell.swift in Sources */,
				E33C4D16268F603D00E725E8 /* AppDelegate.swift in Sources */,
				E3ED8D6926921B60002DE592 /* Assets+CoreDataProperties.swift in Sources */,
				E33C4D34269020A600E725E8 /* SettingViewController.swift in Sources */,
				E33C4D18268F603D00E725E8 /* SceneDelegate.swift in Sources */,
				E33C4D32268F760200E725E8 /* BarcodeViewController.swift in Sources */,
			);
			runOnlyForDeploymentPostprocessing = 0;
		};
/* End PBXSourcesBuildPhase section */

/* Begin PBXVariantGroup section */
		E33C4D1B268F603D00E725E8 /* Main.storyboard */ = {
			isa = PBXVariantGroup;
			children = (
				E33C4D1C268F603D00E725E8 /* Base */,
			);
			name = Main.storyboard;
			sourceTree = "<group>";
		};
		E33C4D23268F603E00E725E8 /* LaunchScreen.storyboard */ = {
			isa = PBXVariantGroup;
			children = (
				E33C4D24268F603E00E725E8 /* Base */,
			);
			name = LaunchScreen.storyboard;
			sourceTree = "<group>";
		};
/* End PBXVariantGroup section */

/* Begin XCBuildConfiguration section */
		E33C4D27268F603E00E725E8 /* Debug */ = {
			isa = XCBuildConfiguration;
			buildSettings = {
				ALWAYS_SEARCH_USER_PATHS = NO;
				CLANG_ANALYZER_NONNULL = YES;
				CLANG_ANALYZER_NUMBER_OBJECT_CONVERSION = YES_AGGRESSIVE;
				CLANG_CXX_LANGUAGE_STANDARD = "gnu++14";
				CLANG_CXX_LIBRARY = "libc++";
				CLANG_ENABLE_MODULES = YES;
				CLANG_ENABLE_OBJC_ARC = YES;
				CLANG_ENABLE_OBJC_WEAK = YES;
				CLANG_WARN_BLOCK_CAPTURE_AUTORELEASING = YES;
				CLANG_WARN_BOOL_CONVERSION = YES;
				CLANG_WARN_COMMA = YES;
				CLANG_WARN_CONSTANT_CONVERSION = YES;
				CLANG_WARN_DEPRECATED_OBJC_IMPLEMENTATIONS = YES;
				CLANG_WARN_DIRECT_OBJC_ISA_USAGE = YES_ERROR;
				CLANG_WARN_DOCUMENTATION_COMMENTS = YES;
				CLANG_WARN_EMPTY_BODY = YES;
				CLANG_WARN_ENUM_CONVERSION = YES;
				CLANG_WARN_INFINITE_RECURSION = YES;
				CLANG_WARN_INT_CONVERSION = YES;
				CLANG_WARN_NON_LITERAL_NULL_CONVERSION = YES;
				CLANG_WARN_OBJC_IMPLICIT_RETAIN_SELF = YES;
				CLANG_WARN_OBJC_LITERAL_CONVERSION = YES;
				CLANG_WARN_OBJC_ROOT_CLASS = YES_ERROR;
				CLANG_WARN_QUOTED_INCLUDE_IN_FRAMEWORK_HEADER = YES;
				CLANG_WARN_RANGE_LOOP_ANALYSIS = YES;
				CLANG_WARN_STRICT_PROTOTYPES = YES;
				CLANG_WARN_SUSPICIOUS_MOVE = YES;
				CLANG_WARN_UNGUARDED_AVAILABILITY = YES_AGGRESSIVE;
				CLANG_WARN_UNREACHABLE_CODE = YES;
				CLANG_WARN__DUPLICATE_METHOD_MATCH = YES;
				COPY_PHASE_STRIP = NO;
				DEBUG_INFORMATION_FORMAT = dwarf;
				ENABLE_STRICT_OBJC_MSGSEND = YES;
				ENABLE_TESTABILITY = YES;
				GCC_C_LANGUAGE_STANDARD = gnu11;
				GCC_DYNAMIC_NO_PIC = NO;
				GCC_NO_COMMON_BLOCKS = YES;
				GCC_OPTIMIZATION_LEVEL = 0;
				GCC_PREPROCESSOR_DEFINITIONS = (
					"DEBUG=1",
					"$(inherited)",
				);
				GCC_WARN_64_TO_32_BIT_CONVERSION = YES;
				GCC_WARN_ABOUT_RETURN_TYPE = YES_ERROR;
				GCC_WARN_UNDECLARED_SELECTOR = YES;
				GCC_WARN_UNINITIALIZED_AUTOS = YES_AGGRESSIVE;
				GCC_WARN_UNUSED_FUNCTION = YES;
				GCC_WARN_UNUSED_VARIABLE = YES;
				IPHONEOS_DEPLOYMENT_TARGET = 14.5;
				MTL_ENABLE_DEBUG_INFO = INCLUDE_SOURCE;
				MTL_FAST_MATH = YES;
				ONLY_ACTIVE_ARCH = YES;
				SDKROOT = iphoneos;
				SWIFT_ACTIVE_COMPILATION_CONDITIONS = DEBUG;
				SWIFT_OPTIMIZATION_LEVEL = "-Onone";
			};
			name = Debug;
		};
		E33C4D28268F603E00E725E8 /* Release */ = {
			isa = XCBuildConfiguration;
			buildSettings = {
				ALWAYS_SEARCH_USER_PATHS = NO;
				CLANG_ANALYZER_NONNULL = YES;
				CLANG_ANALYZER_NUMBER_OBJECT_CONVERSION = YES_AGGRESSIVE;
				CLANG_CXX_LANGUAGE_STANDARD = "gnu++14";
				CLANG_CXX_LIBRARY = "libc++";
				CLANG_ENABLE_MODULES = YES;
				CLANG_ENABLE_OBJC_ARC = YES;
				CLANG_ENABLE_OBJC_WEAK = YES;
				CLANG_WARN_BLOCK_CAPTURE_AUTORELEASING = YES;
				CLANG_WARN_BOOL_CONVERSION = YES;
				CLANG_WARN_COMMA = YES;
				CLANG_WARN_CONSTANT_CONVERSION = YES;
				CLANG_WARN_DEPRECATED_OBJC_IMPLEMENTATIONS = YES;
				CLANG_WARN_DIRECT_OBJC_ISA_USAGE = YES_ERROR;
				CLANG_WARN_DOCUMENTATION_COMMENTS = YES;
				CLANG_WARN_EMPTY_BODY = YES;
				CLANG_WARN_ENUM_CONVERSION = YES;
				CLANG_WARN_INFINITE_RECURSION = YES;
				CLANG_WARN_INT_CONVERSION = YES;
				CLANG_WARN_NON_LITERAL_NULL_CONVERSION = YES;
				CLANG_WARN_OBJC_IMPLICIT_RETAIN_SELF = YES;
				CLANG_WARN_OBJC_LITERAL_CONVERSION = YES;
				CLANG_WARN_OBJC_ROOT_CLASS = YES_ERROR;
				CLANG_WARN_QUOTED_INCLUDE_IN_FRAMEWORK_HEADER = YES;
				CLANG_WARN_RANGE_LOOP_ANALYSIS = YES;
				CLANG_WARN_STRICT_PROTOTYPES = YES;
				CLANG_WARN_SUSPICIOUS_MOVE = YES;
				CLANG_WARN_UNGUARDED_AVAILABILITY = YES_AGGRESSIVE;
				CLANG_WARN_UNREACHABLE_CODE = YES;
				CLANG_WARN__DUPLICATE_METHOD_MATCH = YES;
				COPY_PHASE_STRIP = NO;
				DEBUG_INFORMATION_FORMAT = "dwarf-with-dsym";
				ENABLE_NS_ASSERTIONS = NO;
				ENABLE_STRICT_OBJC_MSGSEND = YES;
				GCC_C_LANGUAGE_STANDARD = gnu11;
				GCC_NO_COMMON_BLOCKS = YES;
				GCC_WARN_64_TO_32_BIT_CONVERSION = YES;
				GCC_WARN_ABOUT_RETURN_TYPE = YES_ERROR;
				GCC_WARN_UNDECLARED_SELECTOR = YES;
				GCC_WARN_UNINITIALIZED_AUTOS = YES_AGGRESSIVE;
				GCC_WARN_UNUSED_FUNCTION = YES;
				GCC_WARN_UNUSED_VARIABLE = YES;
				IPHONEOS_DEPLOYMENT_TARGET = 14.5;
				MTL_ENABLE_DEBUG_INFO = NO;
				MTL_FAST_MATH = YES;
				SDKROOT = iphoneos;
				SWIFT_COMPILATION_MODE = wholemodule;
				SWIFT_OPTIMIZATION_LEVEL = "-O";
				VALIDATE_PRODUCT = YES;
			};
			name = Release;
		};
		E33C4D2A268F603E00E725E8 /* Debug */ = {
			isa = XCBuildConfiguration;
			buildSettings = {
				ASSETCATALOG_COMPILER_APPICON_NAME = AppIcon;
				ASSETCATALOG_COMPILER_GLOBAL_ACCENT_COLOR_NAME = AccentColor;
				CODE_SIGN_STYLE = Automatic;
				DEVELOPMENT_TEAM = QP4NBD745T;
				INFOPLIST_FILE = shadman_rabbi_final_project_390/Info.plist;
				LD_RUNPATH_SEARCH_PATHS = (
					"$(inherited)",
					"@executable_path/Frameworks",
				);
				PRODUCT_BUNDLE_IDENTIFIER = "cse390.shadman-rabbi-final-project-390";
				PRODUCT_NAME = "$(TARGET_NAME)";
				SWIFT_VERSION = 5.0;
				TARGETED_DEVICE_FAMILY = "1,2";
			};
			name = Debug;
		};
		E33C4D2B268F603E00E725E8 /* Release */ = {
			isa = XCBuildConfiguration;
			buildSettings = {
				ASSETCATALOG_COMPILER_APPICON_NAME = AppIcon;
				ASSETCATALOG_COMPILER_GLOBAL_ACCENT_COLOR_NAME = AccentColor;
				CODE_SIGN_STYLE = Automatic;
				DEVELOPMENT_TEAM = QP4NBD745T;
				INFOPLIST_FILE = shadman_rabbi_final_project_390/Info.plist;
				LD_RUNPATH_SEARCH_PATHS = (
					"$(inherited)",
					"@executable_path/Frameworks",
				);
				PRODUCT_BUNDLE_IDENTIFIER = "cse390.shadman-rabbi-final-project-390";
				PRODUCT_NAME = "$(TARGET_NAME)";
				SWIFT_VERSION = 5.0;
				TARGETED_DEVICE_FAMILY = "1,2";
			};
			name = Release;
		};
/* End XCBuildConfiguration section */

/* Begin XCConfigurationList section */
		E33C4D0D268F603D00E725E8 /* Build configuration list for PBXProject "shadman_rabbi_final_project_390" */ = {
			isa = XCConfigurationList;
			buildConfigurations = (
				E33C4D27268F603E00E725E8 /* Debug */,
				E33C4D28268F603E00E725E8 /* Release */,
			);
			defaultConfigurationIsVisible = 0;
			defaultConfigurationName = Release;
		};
		E33C4D29268F603E00E725E8 /* Build configuration list for PBXNativeTarget "shadman_rabbi_final_project_390" */ = {
			isa = XCConfigurationList;
			buildConfigurations = (
				E33C4D2A268F603E00E725E8 /* Debug */,
				E33C4D2B268F603E00E725E8 /* Release */,
			);
			defaultConfigurationIsVisible = 0;
			defaultConfigurationName = Release;
		};
/* End XCConfigurationList section */

/* Begin XCVersionGroup section */
		E33C4D1E268F603D00E725E8 /* shadman_rabbi_final_project_390.xcdatamodeld */ = {
			isa = XCVersionGroup;
			children = (
				E33C4D1F268F603D00E725E8 /* shadman_rabbi_final_project_390.xcdatamodel */,
			);
			currentVersion = E33C4D1F268F603D00E725E8 /* shadman_rabbi_final_project_390.xcdatamodel */;
			path = shadman_rabbi_final_project_390.xcdatamodeld;
			sourceTree = "<group>";
			versionGroupType = wrapper.xcdatamodel;
		};
/* End XCVersionGroup section */
	};
	rootObject = E33C4D0A268F603D00E725E8 /* Project object */;
}
